// !$*UTF8*$!
{
	archiveVersion = 1;
	classes = {
	};
	objectVersion = 56;
	objects = {

/* Begin PBXBuildFile section */
		F49B50D02AE5481800B55538 /* Blockchain.c in Sources */ = {isa = PBXBuildFile; fileRef = F49B50C12AE5481800B55538 /* Blockchain.c */; };
		F49B50D12AE5481800B55538 /* Utils.c in Sources */ = {isa = PBXBuildFile; fileRef = F49B50C72AE5481800B55538 /* Utils.c */; };
		F49B50D22AE5481800B55538 /* sha-256.c in Sources */ = {isa = PBXBuildFile; fileRef = F49B50C82AE5481800B55538 /* sha-256.c */; };
		F49B50D32AE5481800B55538 /* Transaction.c in Sources */ = {isa = PBXBuildFile; fileRef = F49B50CB2AE5481800B55538 /* Transaction.c */; };
		F49B50D42AE5481800B55538 /* main.c in Sources */ = {isa = PBXBuildFile; fileRef = F49B50CE2AE5481800B55538 /* main.c */; };
		F49B50D52AE5481800B55538 /* menue.c in Sources */ = {isa = PBXBuildFile; fileRef = F49B50CF2AE5481800B55538 /* menue.c */; };
/* End PBXBuildFile section */

/* Begin PBXCopyFilesBuildPhase section */
		F49B50B52AE547DB00B55538 /* CopyFiles */ = {
			isa = PBXCopyFilesBuildPhase;
			buildActionMask = 2147483647;
			dstPath = /usr/share/man/man1/;
			dstSubfolderSpec = 0;
			files = (
			);
			runOnlyForDeploymentPostprocessing = 1;
		};
/* End PBXCopyFilesBuildPhase section */

/* Begin PBXFileReference section */
		F45B449B2AE54CBB0013F29D /* PendingTransaction.h */ = {isa = PBXFileReference; lastKnownFileType = sourcecode.c.h; path = PendingTransaction.h; sourceTree = "<group>"; };
		F49B50B72AE547DB00B55538 /* LIMcoin */ = {isa = PBXFileReference; explicitFileType = "compiled.mach-o.executable"; includeInIndex = 0; path = LIMcoin; sourceTree = BUILT_PRODUCTS_DIR; };
		F49B50C12AE5481800B55538 /* Blockchain.c */ = {isa = PBXFileReference; fileEncoding = 4; lastKnownFileType = sourcecode.c.c; path = Blockchain.c; sourceTree = "<group>"; };
		F49B50C22AE5481800B55538 /* Blockchain.h */ = {isa = PBXFileReference; fileEncoding = 4; lastKnownFileType = sourcecode.c.h; path = Blockchain.h; sourceTree = "<group>"; };
		F49B50C32AE5481800B55538 /* Utils.h */ = {isa = PBXFileReference; fileEncoding = 4; lastKnownFileType = sourcecode.c.h; path = Utils.h; sourceTree = "<group>"; };
		F49B50C42AE5481800B55538 /* blocks */ = {isa = PBXFileReference; lastKnownFileType = file; path = blocks; sourceTree = "<group>"; };
		F49B50C52AE5481800B55538 /* Block.h */ = {isa = PBXFileReference; fileEncoding = 4; lastKnownFileType = sourcecode.c.h; path = Block.h; sourceTree = "<group>"; };
		F49B50C62AE5481800B55538 /* menue.h */ = {isa = PBXFileReference; fileEncoding = 4; lastKnownFileType = sourcecode.c.h; path = menue.h; sourceTree = "<group>"; };
		F49B50C72AE5481800B55538 /* Utils.c */ = {isa = PBXFileReference; fileEncoding = 4; lastKnownFileType = sourcecode.c.c; path = Utils.c; sourceTree = "<group>"; };
		F49B50C82AE5481800B55538 /* sha-256.c */ = {isa = PBXFileReference; fileEncoding = 4; lastKnownFileType = sourcecode.c.c; path = "sha-256.c"; sourceTree = "<group>"; };
		F49B50C92AE5481800B55538 /* README.md */ = {isa = PBXFileReference; fileEncoding = 4; lastKnownFileType = net.daringfireball.markdown; path = README.md; sourceTree = "<group>"; };
		F49B50CA2AE5481800B55538 /* Transaction.h */ = {isa = PBXFileReference; fileEncoding = 4; lastKnownFileType = sourcecode.c.h; path = Transaction.h; sourceTree = "<group>"; };
		F49B50CB2AE5481800B55538 /* Transaction.c */ = {isa = PBXFileReference; fileEncoding = 4; lastKnownFileType = sourcecode.c.c; path = Transaction.c; sourceTree = "<group>"; };
		F49B50CC2AE5481800B55538 /* main.dSYM */ = {isa = PBXFileReference; lastKnownFileType = wrapper.dsym; path = main.dSYM; sourceTree = "<group>"; };
		F49B50CE2AE5481800B55538 /* main.c */ = {isa = PBXFileReference; fileEncoding = 4; lastKnownFileType = sourcecode.c.c; path = main.c; sourceTree = "<group>"; };
		F49B50CF2AE5481800B55538 /* menue.c */ = {isa = PBXFileReference; fileEncoding = 4; lastKnownFileType = sourcecode.c.c; path = menue.c; sourceTree = "<group>"; };
/* End PBXFileReference section */

/* Begin PBXFrameworksBuildPhase section */
		F49B50B42AE547DB00B55538 /* Frameworks */ = {
			isa = PBXFrameworksBuildPhase;
			buildActionMask = 2147483647;
			files = (
			);
			runOnlyForDeploymentPostprocessing = 0;
		};
/* End PBXFrameworksBuildPhase section */

/* Begin PBXGroup section */
		F49B50AE2AE547DB00B55538 = {
			isa = PBXGroup;
			children = (
				F49B50B92AE547DB00B55538 /* LIMcoin */,
				F49B50B82AE547DB00B55538 /* Products */,
			);
			sourceTree = "<group>";
		};
		F49B50B82AE547DB00B55538 /* Products */ = {
			isa = PBXGroup;
			children = (
				F49B50B72AE547DB00B55538 /* LIMcoin */,
			);
			name = Products;
			sourceTree = "<group>";
		};
		F49B50B92AE547DB00B55538 /* LIMcoin */ = {
			isa = PBXGroup;
			children = (
				F49B50C52AE5481800B55538 /* Block.h */,
				F49B50C12AE5481800B55538 /* Blockchain.c */,
				F49B50C22AE5481800B55538 /* Blockchain.h */,
				F49B50C42AE5481800B55538 /* blocks */,
				F49B50CE2AE5481800B55538 /* main.c */,
				F49B50CC2AE5481800B55538 /* main.dSYM */,
				F49B50CF2AE5481800B55538 /* menue.c */,
				F49B50C62AE5481800B55538 /* menue.h */,
				F49B50C92AE5481800B55538 /* README.md */,
				F49B50C82AE5481800B55538 /* sha-256.c */,
				F49B50CB2AE5481800B55538 /* Transaction.c */,
				F49B50CA2AE5481800B55538 /* Transaction.h */,
				F49B50C72AE5481800B55538 /* Utils.c */,
				F49B50C32AE5481800B55538 /* Utils.h */,
				F45B449B2AE54CBB0013F29D /* PendingTransaction.h */,
			);
			path = LIMcoin;
			sourceTree = "<group>";
		};
/* End PBXGroup section */

/* Begin PBXNativeTarget section */
		F49B50B62AE547DB00B55538 /* LIMcoin */ = {
			isa = PBXNativeTarget;
			buildConfigurationList = F49B50BE2AE547DB00B55538 /* Build configuration list for PBXNativeTarget "LIMcoin" */;
			buildPhases = (
				F49B50B32AE547DB00B55538 /* Sources */,
				F49B50B42AE547DB00B55538 /* Frameworks */,
				F49B50B52AE547DB00B55538 /* CopyFiles */,
			);
			buildRules = (
			);
			dependencies = (
			);
			name = LIMcoin;
			productName = LIMcoin;
			productReference = F49B50B72AE547DB00B55538 /* LIMcoin */;
			productType = "com.apple.product-type.tool";
		};
/* End PBXNativeTarget section */

/* Begin PBXProject section */
		F49B50AF2AE547DB00B55538 /* Project object */ = {
			isa = PBXProject;
			attributes = {
				BuildIndependentTargetsInParallel = 1;
				LastUpgradeCheck = 1500;
				TargetAttributes = {
					F49B50B62AE547DB00B55538 = {
						CreatedOnToolsVersion = 15.0;
					};
				};
			};
			buildConfigurationList = F49B50B22AE547DB00B55538 /* Build configuration list for PBXProject "LIMcoin" */;
			compatibilityVersion = "Xcode 14.0";
			developmentRegion = en;
			hasScannedForEncodings = 0;
			knownRegions = (
				en,
				Base,
			);
			mainGroup = F49B50AE2AE547DB00B55538;
			productRefGroup = F49B50B82AE547DB00B55538 /* Products */;
			projectDirPath = "";
			projectRoot = "";
			targets = (
				F49B50B62AE547DB00B55538 /* LIMcoin */,
			);
		};
/* End PBXProject section */

/* Begin PBXSourcesBuildPhase section */
		F49B50B32AE547DB00B55538 /* Sources */ = {
			isa = PBXSourcesBuildPhase;
			buildActionMask = 2147483647;
			files = (
				F49B50D52AE5481800B55538 /* menue.c in Sources */,
				F49B50D42AE5481800B55538 /* main.c in Sources */,
				F49B50D32AE5481800B55538 /* Transaction.c in Sources */,
				F49B50D02AE5481800B55538 /* Blockchain.c in Sources */,
				F49B50D22AE5481800B55538 /* sha-256.c in Sources */,
				F49B50D12AE5481800B55538 /* Utils.c in Sources */,
			);
			runOnlyForDeploymentPostprocessing = 0;
		};
/* End PBXSourcesBuildPhase section */

/* Begin XCBuildConfiguration section */
		F49B50BC2AE547DB00B55538 /* Debug */ = {
			isa = XCBuildConfiguration;
			buildSettings = {
				ALWAYS_SEARCH_USER_PATHS = NO;
				ASSETCATALOG_COMPILER_GENERATE_SWIFT_ASSET_SYMBOL_EXTENSIONS = YES;
				CLANG_ANALYZER_NONNULL = YES;
				CLANG_ANALYZER_NUMBER_OBJECT_CONVERSION = YES_AGGRESSIVE;
				CLANG_CXX_LANGUAGE_STANDARD = "gnu++20";
				CLANG_ENABLE_MODULES = YES;
				CLANG_ENABLE_OBJC_ARC = YES;
				CLANG_ENABLE_OBJC_WEAK = YES;
				CLANG_WARN_BLOCK_CAPTURE_AUTORELEASING = YES;
				CLANG_WARN_BOOL_CONVERSION = YES;
				CLANG_WARN_COMMA = YES;
				CLANG_WARN_CONSTANT_CONVERSION = YES;
				CLANG_WARN_DEPRECATED_OBJC_IMPLEMENTATIONS = YES;
				CLANG_WARN_DIRECT_OBJC_ISA_USAGE = YES_ERROR;
				CLANG_WARN_DOCUMENTATION_COMMENTS = YES;
				CLANG_WARN_EMPTY_BODY = YES;
				CLANG_WARN_ENUM_CONVERSION = YES;
				CLANG_WARN_INFINITE_RECURSION = YES;
				CLANG_WARN_INT_CONVERSION = YES;
				CLANG_WARN_NON_LITERAL_NULL_CONVERSION = YES;
				CLANG_WARN_OBJC_IMPLICIT_RETAIN_SELF = YES;
				CLANG_WARN_OBJC_LITERAL_CONVERSION = YES;
				CLANG_WARN_OBJC_ROOT_CLASS = YES_ERROR;
				CLANG_WARN_QUOTED_INCLUDE_IN_FRAMEWORK_HEADER = YES;
				CLANG_WARN_RANGE_LOOP_ANALYSIS = YES;
				CLANG_WARN_STRICT_PROTOTYPES = YES;
				CLANG_WARN_SUSPICIOUS_MOVE = YES;
				CLANG_WARN_UNGUARDED_AVAILABILITY = YES_AGGRESSIVE;
				CLANG_WARN_UNREACHABLE_CODE = YES;
				CLANG_WARN__DUPLICATE_METHOD_MATCH = YES;
				COPY_PHASE_STRIP = NO;
				DEBUG_INFORMATION_FORMAT = dwarf;
				ENABLE_STRICT_OBJC_MSGSEND = YES;
				ENABLE_TESTABILITY = YES;
				ENABLE_USER_SCRIPT_SANDBOXING = YES;
				GCC_C_LANGUAGE_STANDARD = gnu17;
				GCC_DYNAMIC_NO_PIC = NO;
				GCC_NO_COMMON_BLOCKS = YES;
				GCC_OPTIMIZATION_LEVEL = 0;
				GCC_PREPROCESSOR_DEFINITIONS = (
					"DEBUG=1",
					"$(inherited)",
				);
				GCC_WARN_64_TO_32_BIT_CONVERSION = YES;
				GCC_WARN_ABOUT_RETURN_TYPE = YES_ERROR;
				GCC_WARN_UNDECLARED_SELECTOR = YES;
				GCC_WARN_UNINITIALIZED_AUTOS = YES_AGGRESSIVE;
				GCC_WARN_UNUSED_FUNCTION = YES;
				GCC_WARN_UNUSED_VARIABLE = YES;
				LOCALIZATION_PREFERS_STRING_CATALOGS = YES;
				MACOSX_DEPLOYMENT_TARGET = 14.0;
				MTL_ENABLE_DEBUG_INFO = INCLUDE_SOURCE;
				MTL_FAST_MATH = YES;
				ONLY_ACTIVE_ARCH = YES;
				SDKROOT = macosx;
			};
			name = Debug;
		};
		F49B50BD2AE547DB00B55538 /* Release */ = {
			isa = XCBuildConfiguration;
			buildSettings = {
				ALWAYS_SEARCH_USER_PATHS = NO;
				ASSETCATALOG_COMPILER_GENERATE_SWIFT_ASSET_SYMBOL_EXTENSIONS = YES;
				CLANG_ANALYZER_NONNULL = YES;
				CLANG_ANALYZER_NUMBER_OBJECT_CONVERSION = YES_AGGRESSIVE;
				CLANG_CXX_LANGUAGE_STANDARD = "gnu++20";
				CLANG_ENABLE_MODULES = YES;
				CLANG_ENABLE_OBJC_ARC = YES;
				CLANG_ENABLE_OBJC_WEAK = YES;
				CLANG_WARN_BLOCK_CAPTURE_AUTORELEASING = YES;
				CLANG_WARN_BOOL_CONVERSION = YES;
				CLANG_WARN_COMMA = YES;
				CLANG_WARN_CONSTANT_CONVERSION = YES;
				CLANG_WARN_DEPRECATED_OBJC_IMPLEMENTATIONS = YES;
				CLANG_WARN_DIRECT_OBJC_ISA_USAGE = YES_ERROR;
				CLANG_WARN_DOCUMENTATION_COMMENTS = YES;
				CLANG_WARN_EMPTY_BODY = YES;
				CLANG_WARN_ENUM_CONVERSION = YES;
				CLANG_WARN_INFINITE_RECURSION = YES;
				CLANG_WARN_INT_CONVERSION = YES;
				CLANG_WARN_NON_LITERAL_NULL_CONVERSION = YES;
				CLANG_WARN_OBJC_IMPLICIT_RETAIN_SELF = YES;
				CLANG_WARN_OBJC_LITERAL_CONVERSION = YES;
				CLANG_WARN_OBJC_ROOT_CLASS = YES_ERROR;
				CLANG_WARN_QUOTED_INCLUDE_IN_FRAMEWORK_HEADER = YES;
				CLANG_WARN_RANGE_LOOP_ANALYSIS = YES;
				CLANG_WARN_STRICT_PROTOTYPES = YES;
				CLANG_WARN_SUSPICIOUS_MOVE = YES;
				CLANG_WARN_UNGUARDED_AVAILABILITY = YES_AGGRESSIVE;
				CLANG_WARN_UNREACHABLE_CODE = YES;
				CLANG_WARN__DUPLICATE_METHOD_MATCH = YES;
				COPY_PHASE_STRIP = NO;
				DEBUG_INFORMATION_FORMAT = "dwarf-with-dsym";
				ENABLE_NS_ASSERTIONS = NO;
				ENABLE_STRICT_OBJC_MSGSEND = YES;
				ENABLE_USER_SCRIPT_SANDBOXING = YES;
				GCC_C_LANGUAGE_STANDARD = gnu17;
				GCC_NO_COMMON_BLOCKS = YES;
				GCC_WARN_64_TO_32_BIT_CONVERSION = YES;
				GCC_WARN_ABOUT_RETURN_TYPE = YES_ERROR;
				GCC_WARN_UNDECLARED_SELECTOR = YES;
				GCC_WARN_UNINITIALIZED_AUTOS = YES_AGGRESSIVE;
				GCC_WARN_UNUSED_FUNCTION = YES;
				GCC_WARN_UNUSED_VARIABLE = YES;
				LOCALIZATION_PREFERS_STRING_CATALOGS = YES;
				MACOSX_DEPLOYMENT_TARGET = 14.0;
				MTL_ENABLE_DEBUG_INFO = NO;
				MTL_FAST_MATH = YES;
				SDKROOT = macosx;
			};
			name = Release;
		};
		F49B50BF2AE547DB00B55538 /* Debug */ = {
			isa = XCBuildConfiguration;
			buildSettings = {
				CODE_SIGN_STYLE = Automatic;
				DEVELOPMENT_TEAM = XJULUJRNWC;
				ENABLE_HARDENED_RUNTIME = YES;
				PRODUCT_NAME = "$(TARGET_NAME)";
			};
			name = Debug;
		};
		F49B50C02AE547DB00B55538 /* Release */ = {
			isa = XCBuildConfiguration;
			buildSettings = {
				CODE_SIGN_STYLE = Automatic;
				DEVELOPMENT_TEAM = XJULUJRNWC;
				ENABLE_HARDENED_RUNTIME = YES;
				PRODUCT_NAME = "$(TARGET_NAME)";
			};
			name = Release;
		};
/* End XCBuildConfiguration section */

/* Begin XCConfigurationList section */
		F49B50B22AE547DB00B55538 /* Build configuration list for PBXProject "LIMcoin" */ = {
			isa = XCConfigurationList;
			buildConfigurations = (
				F49B50BC2AE547DB00B55538 /* Debug */,
				F49B50BD2AE547DB00B55538 /* Release */,
			);
			defaultConfigurationIsVisible = 0;
			defaultConfigurationName = Release;
		};
		F49B50BE2AE547DB00B55538 /* Build configuration list for PBXNativeTarget "LIMcoin" */ = {
			isa = XCConfigurationList;
			buildConfigurations = (
				F49B50BF2AE547DB00B55538 /* Debug */,
				F49B50C02AE547DB00B55538 /* Release */,
			);
			defaultConfigurationIsVisible = 0;
			defaultConfigurationName = Release;
		};
/* End XCConfigurationList section */
	};
	rootObject = F49B50AF2AE547DB00B55538 /* Project object */;
}
